
Microsoft Visual Studio Solution File, Format Version 12.00
# Visual Studio Version 17
VisualStudioVersion = 17.4.33213.308
MinimumVisualStudioVersion = 10.0.40219.1
Project("{2150E333-8FDC-42A3-9474-1A3956D46DE8}") = "docs", "docs", "{A2DA1403-0942-4CD2-9851-26DBE5B57CF2}"
	ProjectSection(SolutionItems) = preProject
		20_DB-first.txt = 20_DB-first.txt
		00_TelefonDb.sql = 00_TelefonDb.sql
		10_EF-install.txt = 10_EF-install.txt
		ValidationErrors.txt = ValidationErrors.txt
	EndProjectSection
EndProject
Project("{FAE04EC0-301F-11D3-BF4B-00C04F79EFBC}") = "ConsoleApp7", "ConsoleApp7\ConsoleApp7.csproj", "{EC8CA6ED-A252-4104-8F85-9D38B53D495D}"
EndProject
Project("{FAE04EC0-301F-11D3-BF4B-00C04F79EFBC}") = "ConsoleApp5", "ConsoleApp5\ConsoleApp5.csproj", "{FEB8ECE1-3E52-40BC-B0FF-A6C2584F01BD}"
EndProject
Project("{2150E333-8FDC-42A3-9474-1A3956D46DE8}") = "EF", "EF", "{21FED999-BC11-4F45-9D19-5FD89A5505A4}"
EndProject
Project("{FAE04EC0-301F-11D3-BF4B-00C04F79EFBC}") = "NullApp", "NullApp\NullApp.csproj", "{AA3D166D-725A-4214-94EB-7260E14308DE}"
EndProject
Project("{2150E333-8FDC-42A3-9474-1A3956D46DE8}") = "Serialization", "Serialization", "{40032A10-E3EF-45AE-8D48-DF759BF8863A}"
EndProject
Project("{9A19103F-16F7-4668-BE54-9A1E7A4F7556}") = "10_MySerialization", "Seri\10_MySerialization\10_MySerialization.csproj", "{36D512D4-91CB-4BD8-89B0-C000BD215ADD}"
EndProject
Project("{9A19103F-16F7-4668-BE54-9A1E7A4F7556}") = "20_MySerialization", "Seri\20_MySerialization\20_MySerialization.csproj", "{B7C5B836-EEB6-43A2-A462-B6FA8F7709EF}"
EndProject
Global
	GlobalSection(SolutionConfigurationPlatforms) = preSolution
		Debug|Any CPU = Debug|Any CPU
		Release|Any CPU = Release|Any CPU
	EndGlobalSection
	GlobalSection(ProjectConfigurationPlatforms) = postSolution
		{EC8CA6ED-A252-4104-8F85-9D38B53D495D}.Debug|Any CPU.ActiveCfg = Debug|Any CPU
		{EC8CA6ED-A252-4104-8F85-9D38B53D495D}.Debug|Any CPU.Build.0 = Debug|Any CPU
		{EC8CA6ED-A252-4104-8F85-9D38B53D495D}.Release|Any CPU.ActiveCfg = Release|Any CPU
		{EC8CA6ED-A252-4104-8F85-9D38B53D495D}.Release|Any CPU.Build.0 = Release|Any CPU
		{FEB8ECE1-3E52-40BC-B0FF-A6C2584F01BD}.Debug|Any CPU.ActiveCfg = Debug|Any CPU
		{FEB8ECE1-3E52-40BC-B0FF-A6C2584F01BD}.Debug|Any CPU.Build.0 = Debug|Any CPU
		{FEB8ECE1-3E52-40BC-B0FF-A6C2584F01BD}.Release|Any CPU.ActiveCfg = Release|Any CPU
		{FEB8ECE1-3E52-40BC-B0FF-A6C2584F01BD}.Release|Any CPU.Build.0 = Release|Any CPU
		{AA3D166D-725A-4214-94EB-7260E14308DE}.Debug|Any CPU.ActiveCfg = Debug|Any CPU
		{AA3D166D-725A-4214-94EB-7260E14308DE}.Debug|Any CPU.Build.0 = Debug|Any CPU
		{AA3D166D-725A-4214-94EB-7260E14308DE}.Release|Any CPU.ActiveCfg = Release|Any CPU
		{AA3D166D-725A-4214-94EB-7260E14308DE}.Release|Any CPU.Build.0 = Release|Any CPU
		{36D512D4-91CB-4BD8-89B0-C000BD215ADD}.Debug|Any CPU.ActiveCfg = Debug|Any CPU
		{36D512D4-91CB-4BD8-89B0-C000BD215ADD}.Debug|Any CPU.Build.0 = Debug|Any CPU
		{36D512D4-91CB-4BD8-89B0-C000BD215ADD}.Release|Any CPU.ActiveCfg = Release|Any CPU
		{36D512D4-91CB-4BD8-89B0-C000BD215ADD}.Release|Any CPU.Build.0 = Release|Any CPU
		{B7C5B836-EEB6-43A2-A462-B6FA8F7709EF}.Debug|Any CPU.ActiveCfg = Debug|Any CPU
		{B7C5B836-EEB6-43A2-A462-B6FA8F7709EF}.Debug|Any CPU.Build.0 = Debug|Any CPU
		{B7C5B836-EEB6-43A2-A462-B6FA8F7709EF}.Release|Any CPU.ActiveCfg = Release|Any CPU
		{B7C5B836-EEB6-43A2-A462-B6FA8F7709EF}.Release|Any CPU.Build.0 = Release|Any CPU
	EndGlobalSection
	GlobalSection(SolutionProperties) = preSolution
		HideSolutionNode = FALSE
	EndGlobalSection
	GlobalSection(NestedProjects) = preSolution
		{EC8CA6ED-A252-4104-8F85-9D38B53D495D} = {21FED999-BC11-4F45-9D19-5FD89A5505A4}
		{FEB8ECE1-3E52-40BC-B0FF-A6C2584F01BD} = {21FED999-BC11-4F45-9D19-5FD89A5505A4}
		{36D512D4-91CB-4BD8-89B0-C000BD215ADD} = {40032A10-E3EF-45AE-8D48-DF759BF8863A}
		{B7C5B836-EEB6-43A2-A462-B6FA8F7709EF} = {40032A10-E3EF-45AE-8D48-DF759BF8863A}
	EndGlobalSection
	GlobalSection(ExtensibilityGlobals) = postSolution
		SolutionGuid = {3CA04506-636A-4412-A699-E8DEC32A7736}
	EndGlobalSection
EndGlobal
